
Microsoft Visual Studio Solution File, Format Version 12.00
# Visual Studio Version 18
VisualStudioVersion = 18.1.11312.151 d18.0
MinimumVisualStudioVersion = 10.0.40219.1
Project("{2150E333-8FDC-42A3-9474-1A3956D46DE8}") = "Deploy", "Deploy", "{02EA681E-C7D8-13C7-8484-4AC65E1B71E8}"
	ProjectSection(SolutionItems) = preProject
		Deploy\Readme.md = Deploy\Readme.md
	EndProjectSection
EndProject
Project("{2150E333-8FDC-42A3-9474-1A3956D46DE8}") = "Docs", "Docs", "{158B2669-70CB-4043-8EE6-C65EEFE86003}"
	ProjectSection(SolutionItems) = preProject
		Docs\Readme.md = Docs\Readme.md
	EndProjectSection
EndProject
Project("{2150E333-8FDC-42A3-9474-1A3956D46DE8}") = "Gateway", "Gateway", "{4B443F89-4E07-4EE1-8E0B-B31BD30F9B75}"
	ProjectSection(SolutionItems) = preProject
		Gateway\Readme.md = Gateway\Readme.md
	EndProjectSection
EndProject
Project("{2150E333-8FDC-42A3-9474-1A3956D46DE8}") = "Infrastructure", "Infrastructure", "{D18C1A71-4582-4791-BC9D-50A09336677C}"
	ProjectSection(SolutionItems) = preProject
		Infrastructure\Readme.md = Infrastructure\Readme.md
	EndProjectSection
EndProject
Project("{2150E333-8FDC-42A3-9474-1A3956D46DE8}") = "Services", "Services", "{13DBD499-D13B-454A-A353-185DF345F3B0}"
	ProjectSection(SolutionItems) = preProject
		Services\Readme.md = Services\Readme.md
	EndProjectSection
EndProject
Project("{2150E333-8FDC-42A3-9474-1A3956D46DE8}") = "Shared", "Shared", "{0944D3A2-FB1E-4A6B-AA66-F1AF96C4DB67}"
	ProjectSection(SolutionItems) = preProject
		Shared\Readme.md = Shared\Readme.md
	EndProjectSection
EndProject
Project("{2150E333-8FDC-42A3-9474-1A3956D46DE8}") = "Dtos", "Dtos", "{224C9573-9E95-4345-8009-4B3EDBA0FCF8}"
	ProjectSection(SolutionItems) = preProject
		Shared\Dtos\Readme.md = Shared\Dtos\Readme.md
	EndProjectSection
EndProject
Project("{2150E333-8FDC-42A3-9474-1A3956D46DE8}") = "Middleware", "Middleware", "{051468CA-509C-4E52-9FDA-B050225C56D3}"
	ProjectSection(SolutionItems) = preProject
		Shared\Middleware\Readme.md = Shared\Middleware\Readme.md
	EndProjectSection
EndProject
Project("{2150E333-8FDC-42A3-9474-1A3956D46DE8}") = "Abstractions", "Abstractions", "{1447119B-AEF5-42EE-8740-72D94AA03F45}"
	ProjectSection(SolutionItems) = preProject
		Shared\Abstractions\Readme.md = Shared\Abstractions\Readme.md
	EndProjectSection
EndProject
Project("{2150E333-8FDC-42A3-9474-1A3956D46DE8}") = "CatalogService", "CatalogService", "{FB6C1644-2981-42BB-BB23-65F89C38B52A}"
EndProject
Project("{2150E333-8FDC-42A3-9474-1A3956D46DE8}") = "Docker", "Docker", "{EA5D66BA-DEEC-4068-B862-7BE07F4BBE7C}"
	ProjectSection(SolutionItems) = preProject
		Infrastructure\Docker\Readme.md = Infrastructure\Docker\Readme.md
	EndProjectSection
EndProject
Project("{2150E333-8FDC-42A3-9474-1A3956D46DE8}") = "Mongo", "Mongo", "{C49AA850-AA8F-49C9-AE4B-C2B4EB7BCA3B}"
	ProjectSection(SolutionItems) = preProject
		Infrastructure\Mongo\Readme.md = Infrastructure\Mongo\Readme.md
	EndProjectSection
EndProject
Project("{2150E333-8FDC-42A3-9474-1A3956D46DE8}") = "Rabbit", "Rabbit", "{9B882386-E212-4EE1-B2CB-FCDA9BF617D9}"
	ProjectSection(SolutionItems) = preProject
		Infrastructure\Rabbit\Readme.md = Infrastructure\Rabbit\Readme.md
	EndProjectSection
EndProject
Project("{2150E333-8FDC-42A3-9474-1A3956D46DE8}") = "k8s", "k8s", "{F58ED3BB-5559-453A-A29C-D676E2B5EB92}"
	ProjectSection(SolutionItems) = preProject
		Deploy\k8s\Readme.md = Deploy\k8s\Readme.md
	EndProjectSection
EndProject
Project("{2150E333-8FDC-42A3-9474-1A3956D46DE8}") = "Scripts", "Scripts", "{444044A8-BFBB-4974-A4E5-FEF4AE971174}"
	ProjectSection(SolutionItems) = preProject
		Scripts\Readme.md = Scripts\Readme.md
	EndProjectSection
EndProject
Project("{2150E333-8FDC-42A3-9474-1A3956D46DE8}") = "ChatService", "ChatService", "{3CAEF0CD-075A-4A36-B59F-6B59D099BADA}"
EndProject
Project("{2150E333-8FDC-42A3-9474-1A3956D46DE8}") = "src", "src", "{BCFCC621-F6DD-4066-9A62-929726EEEE8C}"
EndProject
Project("{2150E333-8FDC-42A3-9474-1A3956D46DE8}") = "tests", "tests", "{49D88C6B-3A96-4002-992E-70A180409E8B}"
EndProject
Project("{FAE04EC0-301F-11D3-BF4B-00C04F79EFBC}") = "Chat.Api", "Services\ChatService\src\Chat.Api\Chat.Api.csproj", "{2340FDCF-EE8F-47CA-98FA-D73906634383}"
EndProject
Project("{FAE04EC0-301F-11D3-BF4B-00C04F79EFBC}") = "Chat.Application", "Services\ChatService\src\Chat.Application\Chat.Application.csproj", "{847515BB-8662-4CFB-9C0F-D273B3CBB2B6}"
EndProject
Project("{FAE04EC0-301F-11D3-BF4B-00C04F79EFBC}") = "Chat.Domain", "Services\ChatService\src\Chat.Domain\Chat.Domain.csproj", "{9CE7FD97-E632-42BF-9A9E-E5120F65EB14}"
EndProject
Project("{FAE04EC0-301F-11D3-BF4B-00C04F79EFBC}") = "Chat.Infrastructure", "Services\ChatService\src\Chat.Infrastructure\Chat.Infrastructure.csproj", "{C9468F05-7BF7-4E9D-BD06-FC9950611D60}"
Project("{2150E333-8FDC-42A3-9474-1A3956D46DE8}") = "Feedback", "Feedback", "{E2E6027F-2189-4259-96F8-E1AA1FCA3DF3}"
EndProject
Project("{FAE04EC0-301F-11D3-BF4B-00C04F79EFBC}") = "WebFeedback", "WebFeedback\WebFeedback.csproj", "{2A108D98-F053-4254-B47C-DBFF7742AE71}"
EndProject
Global
	GlobalSection(SolutionConfigurationPlatforms) = preSolution
		Debug|Any CPU = Debug|Any CPU
		Release|Any CPU = Release|Any CPU
	EndGlobalSection
	GlobalSection(ProjectConfigurationPlatforms) = postSolution
		{2340FDCF-EE8F-47CA-98FA-D73906634383}.Debug|Any CPU.ActiveCfg = Debug|Any CPU
		{2340FDCF-EE8F-47CA-98FA-D73906634383}.Debug|Any CPU.Build.0 = Debug|Any CPU
		{2340FDCF-EE8F-47CA-98FA-D73906634383}.Release|Any CPU.ActiveCfg = Release|Any CPU
		{2340FDCF-EE8F-47CA-98FA-D73906634383}.Release|Any CPU.Build.0 = Release|Any CPU
		{847515BB-8662-4CFB-9C0F-D273B3CBB2B6}.Debug|Any CPU.ActiveCfg = Debug|Any CPU
		{847515BB-8662-4CFB-9C0F-D273B3CBB2B6}.Debug|Any CPU.Build.0 = Debug|Any CPU
		{847515BB-8662-4CFB-9C0F-D273B3CBB2B6}.Release|Any CPU.ActiveCfg = Release|Any CPU
		{847515BB-8662-4CFB-9C0F-D273B3CBB2B6}.Release|Any CPU.Build.0 = Release|Any CPU
		{9CE7FD97-E632-42BF-9A9E-E5120F65EB14}.Debug|Any CPU.ActiveCfg = Debug|Any CPU
		{9CE7FD97-E632-42BF-9A9E-E5120F65EB14}.Debug|Any CPU.Build.0 = Debug|Any CPU
		{9CE7FD97-E632-42BF-9A9E-E5120F65EB14}.Release|Any CPU.ActiveCfg = Release|Any CPU
		{9CE7FD97-E632-42BF-9A9E-E5120F65EB14}.Release|Any CPU.Build.0 = Release|Any CPU
		{C9468F05-7BF7-4E9D-BD06-FC9950611D60}.Debug|Any CPU.ActiveCfg = Debug|Any CPU
		{C9468F05-7BF7-4E9D-BD06-FC9950611D60}.Debug|Any CPU.Build.0 = Debug|Any CPU
		{C9468F05-7BF7-4E9D-BD06-FC9950611D60}.Release|Any CPU.ActiveCfg = Release|Any CPU
		{C9468F05-7BF7-4E9D-BD06-FC9950611D60}.Release|Any CPU.Build.0 = Release|Any CPU
		{2A108D98-F053-4254-B47C-DBFF7742AE71}.Debug|Any CPU.ActiveCfg = Debug|Any CPU
		{2A108D98-F053-4254-B47C-DBFF7742AE71}.Debug|Any CPU.Build.0 = Debug|Any CPU
		{2A108D98-F053-4254-B47C-DBFF7742AE71}.Release|Any CPU.ActiveCfg = Release|Any CPU
		{2A108D98-F053-4254-B47C-DBFF7742AE71}.Release|Any CPU.Build.0 = Release|Any CPU
	EndGlobalSection
	GlobalSection(SolutionProperties) = preSolution
		HideSolutionNode = FALSE
	EndGlobalSection
	GlobalSection(NestedProjects) = preSolution
		{224C9573-9E95-4345-8009-4B3EDBA0FCF8} = {0944D3A2-FB1E-4A6B-AA66-F1AF96C4DB67}
		{051468CA-509C-4E52-9FDA-B050225C56D3} = {0944D3A2-FB1E-4A6B-AA66-F1AF96C4DB67}
		{1447119B-AEF5-42EE-8740-72D94AA03F45} = {0944D3A2-FB1E-4A6B-AA66-F1AF96C4DB67}
		{FB6C1644-2981-42BB-BB23-65F89C38B52A} = {13DBD499-D13B-454A-A353-185DF345F3B0}
		{EA5D66BA-DEEC-4068-B862-7BE07F4BBE7C} = {D18C1A71-4582-4791-BC9D-50A09336677C}
		{C49AA850-AA8F-49C9-AE4B-C2B4EB7BCA3B} = {D18C1A71-4582-4791-BC9D-50A09336677C}
		{9B882386-E212-4EE1-B2CB-FCDA9BF617D9} = {D18C1A71-4582-4791-BC9D-50A09336677C}
		{F58ED3BB-5559-453A-A29C-D676E2B5EB92} = {02EA681E-C7D8-13C7-8484-4AC65E1B71E8}
		{3CAEF0CD-075A-4A36-B59F-6B59D099BADA} = {13DBD499-D13B-454A-A353-185DF345F3B0}
		{BCFCC621-F6DD-4066-9A62-929726EEEE8C} = {3CAEF0CD-075A-4A36-B59F-6B59D099BADA}
		{49D88C6B-3A96-4002-992E-70A180409E8B} = {3CAEF0CD-075A-4A36-B59F-6B59D099BADA}
		{2340FDCF-EE8F-47CA-98FA-D73906634383} = {BCFCC621-F6DD-4066-9A62-929726EEEE8C}
		{847515BB-8662-4CFB-9C0F-D273B3CBB2B6} = {BCFCC621-F6DD-4066-9A62-929726EEEE8C}
		{9CE7FD97-E632-42BF-9A9E-E5120F65EB14} = {BCFCC621-F6DD-4066-9A62-929726EEEE8C}
		{C9468F05-7BF7-4E9D-BD06-FC9950611D60} = {BCFCC621-F6DD-4066-9A62-929726EEEE8C}
		{E2E6027F-2189-4259-96F8-E1AA1FCA3DF3} = {13DBD499-D13B-454A-A353-185DF345F3B0}
		{2A108D98-F053-4254-B47C-DBFF7742AE71} = {E2E6027F-2189-4259-96F8-E1AA1FCA3DF3}
	EndGlobalSection
	GlobalSection(ExtensibilityGlobals) = postSolution
		SolutionGuid = {BB6E6240-A329-4FC8-A278-6D3B8E13DD06}
	EndGlobalSection
EndGlobal
