
Microsoft Visual Studio Solution File, Format Version 12.00
# Visual Studio Version 17
VisualStudioVersion = 17.0.31903.59
MinimumVisualStudioVersion = 10.0.40219.1
Project("{2150E333-8FDC-42A3-9474-1A3956D46DE8}") = "src", "src", "{827E0CD3-B72D-47B6-A68D-7590B98EB39B}"
EndProject
Project("{FAE04EC0-301F-11D3-BF4B-00C04F79EFBC}") = "Auth.Api", "src\Auth.Api\Auth.Api.csproj", "{487383E9-0BDE-4E15-8BD6-ABFC2363EF98}"
EndProject
Project("{FAE04EC0-301F-11D3-BF4B-00C04F79EFBC}") = "Auth.Domain", "src\Auth.Domain\Auth.Domain.csproj", "{3A4A1B4C-171F-4A96-AFFD-A9971F3C286C}"
EndProject
Project("{FAE04EC0-301F-11D3-BF4B-00C04F79EFBC}") = "Auth.Application", "src\Auth.Application\Auth.Application.csproj", "{0FDF53B1-4175-4B62-BEEE-3B4500FAD9F7}"
EndProject
Project("{FAE04EC0-301F-11D3-BF4B-00C04F79EFBC}") = "Auth.Infrastructure", "src\Auth.Infrastructure\Auth.Infrastructure.csproj", "{E078A3C2-2D47-4D2C-AFC8-1C40EA71AD18}"
EndProject
Project("{2150E333-8FDC-42A3-9474-1A3956D46DE8}") = "tests", "tests", "{0AB3BF05-4346-4AA6-1389-037BE0695223}"
EndProject
Project("{FAE04EC0-301F-11D3-BF4B-00C04F79EFBC}") = "Auth.UnitTests", "tests\Auth.UnitTests\Auth.UnitTests.csproj", "{0C1F7840-7800-41D8-9452-03609AE8963F}"
EndProject
Project("{FAE04EC0-301F-11D3-BF4B-00C04F79EFBC}") = "Auth.IntegrationTests", "tests\Auth.IntegrationTests\Auth.IntegrationTests.csproj", "{0BF26FCF-574F-4928-9B42-1F0E4CD7D52B}"
EndProject
Global
	GlobalSection(SolutionConfigurationPlatforms) = preSolution
		Debug|Any CPU = Debug|Any CPU
		Debug|x64 = Debug|x64
		Debug|x86 = Debug|x86
		Release|Any CPU = Release|Any CPU
		Release|x64 = Release|x64
		Release|x86 = Release|x86
	EndGlobalSection
	GlobalSection(ProjectConfigurationPlatforms) = postSolution
		{487383E9-0BDE-4E15-8BD6-ABFC2363EF98}.Debug|Any CPU.ActiveCfg = Debug|Any CPU
		{487383E9-0BDE-4E15-8BD6-ABFC2363EF98}.Debug|Any CPU.Build.0 = Debug|Any CPU
		{487383E9-0BDE-4E15-8BD6-ABFC2363EF98}.Debug|x64.ActiveCfg = Debug|Any CPU
		{487383E9-0BDE-4E15-8BD6-ABFC2363EF98}.Debug|x64.Build.0 = Debug|Any CPU
		{487383E9-0BDE-4E15-8BD6-ABFC2363EF98}.Debug|x86.ActiveCfg = Debug|Any CPU
		{487383E9-0BDE-4E15-8BD6-ABFC2363EF98}.Debug|x86.Build.0 = Debug|Any CPU
		{487383E9-0BDE-4E15-8BD6-ABFC2363EF98}.Release|Any CPU.ActiveCfg = Release|Any CPU
		{487383E9-0BDE-4E15-8BD6-ABFC2363EF98}.Release|Any CPU.Build.0 = Release|Any CPU
		{487383E9-0BDE-4E15-8BD6-ABFC2363EF98}.Release|x64.ActiveCfg = Release|Any CPU
		{487383E9-0BDE-4E15-8BD6-ABFC2363EF98}.Release|x64.Build.0 = Release|Any CPU
		{487383E9-0BDE-4E15-8BD6-ABFC2363EF98}.Release|x86.ActiveCfg = Release|Any CPU
		{487383E9-0BDE-4E15-8BD6-ABFC2363EF98}.Release|x86.Build.0 = Release|Any CPU
		{3A4A1B4C-171F-4A96-AFFD-A9971F3C286C}.Debug|Any CPU.ActiveCfg = Debug|Any CPU
		{3A4A1B4C-171F-4A96-AFFD-A9971F3C286C}.Debug|Any CPU.Build.0 = Debug|Any CPU
		{3A4A1B4C-171F-4A96-AFFD-A9971F3C286C}.Debug|x64.ActiveCfg = Debug|Any CPU
		{3A4A1B4C-171F-4A96-AFFD-A9971F3C286C}.Debug|x64.Build.0 = Debug|Any CPU
		{3A4A1B4C-171F-4A96-AFFD-A9971F3C286C}.Debug|x86.ActiveCfg = Debug|Any CPU
		{3A4A1B4C-171F-4A96-AFFD-A9971F3C286C}.Debug|x86.Build.0 = Debug|Any CPU
		{3A4A1B4C-171F-4A96-AFFD-A9971F3C286C}.Release|Any CPU.ActiveCfg = Release|Any CPU
		{3A4A1B4C-171F-4A96-AFFD-A9971F3C286C}.Release|Any CPU.Build.0 = Release|Any CPU
		{3A4A1B4C-171F-4A96-AFFD-A9971F3C286C}.Release|x64.ActiveCfg = Release|Any CPU
		{3A4A1B4C-171F-4A96-AFFD-A9971F3C286C}.Release|x64.Build.0 = Release|Any CPU
		{3A4A1B4C-171F-4A96-AFFD-A9971F3C286C}.Release|x86.ActiveCfg = Release|Any CPU
		{3A4A1B4C-171F-4A96-AFFD-A9971F3C286C}.Release|x86.Build.0 = Release|Any CPU
		{0FDF53B1-4175-4B62-BEEE-3B4500FAD9F7}.Debug|Any CPU.ActiveCfg = Debug|Any CPU
		{0FDF53B1-4175-4B62-BEEE-3B4500FAD9F7}.Debug|Any CPU.Build.0 = Debug|Any CPU
		{0FDF53B1-4175-4B62-BEEE-3B4500FAD9F7}.Debug|x64.ActiveCfg = Debug|Any CPU
		{0FDF53B1-4175-4B62-BEEE-3B4500FAD9F7}.Debug|x64.Build.0 = Debug|Any CPU
		{0FDF53B1-4175-4B62-BEEE-3B4500FAD9F7}.Debug|x86.ActiveCfg = Debug|Any CPU
		{0FDF53B1-4175-4B62-BEEE-3B4500FAD9F7}.Debug|x86.Build.0 = Debug|Any CPU
		{0FDF53B1-4175-4B62-BEEE-3B4500FAD9F7}.Release|Any CPU.ActiveCfg = Release|Any CPU
		{0FDF53B1-4175-4B62-BEEE-3B4500FAD9F7}.Release|Any CPU.Build.0 = Release|Any CPU
		{0FDF53B1-4175-4B62-BEEE-3B4500FAD9F7}.Release|x64.ActiveCfg = Release|Any CPU
		{0FDF53B1-4175-4B62-BEEE-3B4500FAD9F7}.Release|x64.Build.0 = Release|Any CPU
		{0FDF53B1-4175-4B62-BEEE-3B4500FAD9F7}.Release|x86.ActiveCfg = Release|Any CPU
		{0FDF53B1-4175-4B62-BEEE-3B4500FAD9F7}.Release|x86.Build.0 = Release|Any CPU
		{E078A3C2-2D47-4D2C-AFC8-1C40EA71AD18}.Debug|Any CPU.ActiveCfg = Debug|Any CPU
		{E078A3C2-2D47-4D2C-AFC8-1C40EA71AD18}.Debug|Any CPU.Build.0 = Debug|Any CPU
		{E078A3C2-2D47-4D2C-AFC8-1C40EA71AD18}.Debug|x64.ActiveCfg = Debug|Any CPU
		{E078A3C2-2D47-4D2C-AFC8-1C40EA71AD18}.Debug|x64.Build.0 = Debug|Any CPU
		{E078A3C2-2D47-4D2C-AFC8-1C40EA71AD18}.Debug|x86.ActiveCfg = Debug|Any CPU
		{E078A3C2-2D47-4D2C-AFC8-1C40EA71AD18}.Debug|x86.Build.0 = Debug|Any CPU
		{E078A3C2-2D47-4D2C-AFC8-1C40EA71AD18}.Release|Any CPU.ActiveCfg = Release|Any CPU
		{E078A3C2-2D47-4D2C-AFC8-1C40EA71AD18}.Release|Any CPU.Build.0 = Release|Any CPU
		{E078A3C2-2D47-4D2C-AFC8-1C40EA71AD18}.Release|x64.ActiveCfg = Release|Any CPU
		{E078A3C2-2D47-4D2C-AFC8-1C40EA71AD18}.Release|x64.Build.0 = Release|Any CPU
		{E078A3C2-2D47-4D2C-AFC8-1C40EA71AD18}.Release|x86.ActiveCfg = Release|Any CPU
		{E078A3C2-2D47-4D2C-AFC8-1C40EA71AD18}.Release|x86.Build.0 = Release|Any CPU
		{0C1F7840-7800-41D8-9452-03609AE8963F}.Debug|Any CPU.ActiveCfg = Debug|Any CPU
		{0C1F7840-7800-41D8-9452-03609AE8963F}.Debug|Any CPU.Build.0 = Debug|Any CPU
		{0C1F7840-7800-41D8-9452-03609AE8963F}.Debug|x64.ActiveCfg = Debug|Any CPU
		{0C1F7840-7800-41D8-9452-03609AE8963F}.Debug|x64.Build.0 = Debug|Any CPU
		{0C1F7840-7800-41D8-9452-03609AE8963F}.Debug|x86.ActiveCfg = Debug|Any CPU
		{0C1F7840-7800-41D8-9452-03609AE8963F}.Debug|x86.Build.0 = Debug|Any CPU
		{0C1F7840-7800-41D8-9452-03609AE8963F}.Release|Any CPU.ActiveCfg = Release|Any CPU
		{0C1F7840-7800-41D8-9452-03609AE8963F}.Release|Any CPU.Build.0 = Release|Any CPU
		{0C1F7840-7800-41D8-9452-03609AE8963F}.Release|x64.ActiveCfg = Release|Any CPU
		{0C1F7840-7800-41D8-9452-03609AE8963F}.Release|x64.Build.0 = Release|Any CPU
		{0C1F7840-7800-41D8-9452-03609AE8963F}.Release|x86.ActiveCfg = Release|Any CPU
		{0C1F7840-7800-41D8-9452-03609AE8963F}.Release|x86.Build.0 = Release|Any CPU
		{0BF26FCF-574F-4928-9B42-1F0E4CD7D52B}.Debug|Any CPU.ActiveCfg = Debug|Any CPU
		{0BF26FCF-574F-4928-9B42-1F0E4CD7D52B}.Debug|Any CPU.Build.0 = Debug|Any CPU
		{0BF26FCF-574F-4928-9B42-1F0E4CD7D52B}.Debug|x64.ActiveCfg = Debug|Any CPU
		{0BF26FCF-574F-4928-9B42-1F0E4CD7D52B}.Debug|x64.Build.0 = Debug|Any CPU
		{0BF26FCF-574F-4928-9B42-1F0E4CD7D52B}.Debug|x86.ActiveCfg = Debug|Any CPU
		{0BF26FCF-574F-4928-9B42-1F0E4CD7D52B}.Debug|x86.Build.0 = Debug|Any CPU
		{0BF26FCF-574F-4928-9B42-1F0E4CD7D52B}.Release|Any CPU.ActiveCfg = Release|Any CPU
		{0BF26FCF-574F-4928-9B42-1F0E4CD7D52B}.Release|Any CPU.Build.0 = Release|Any CPU
		{0BF26FCF-574F-4928-9B42-1F0E4CD7D52B}.Release|x64.ActiveCfg = Release|Any CPU
		{0BF26FCF-574F-4928-9B42-1F0E4CD7D52B}.Release|x64.Build.0 = Release|Any CPU
		{0BF26FCF-574F-4928-9B42-1F0E4CD7D52B}.Release|x86.ActiveCfg = Release|Any CPU
		{0BF26FCF-574F-4928-9B42-1F0E4CD7D52B}.Release|x86.Build.0 = Release|Any CPU
	EndGlobalSection
	GlobalSection(SolutionProperties) = preSolution
		HideSolutionNode = FALSE
	EndGlobalSection
	GlobalSection(NestedProjects) = preSolution
		{487383E9-0BDE-4E15-8BD6-ABFC2363EF98} = {827E0CD3-B72D-47B6-A68D-7590B98EB39B}
		{3A4A1B4C-171F-4A96-AFFD-A9971F3C286C} = {827E0CD3-B72D-47B6-A68D-7590B98EB39B}
		{0FDF53B1-4175-4B62-BEEE-3B4500FAD9F7} = {827E0CD3-B72D-47B6-A68D-7590B98EB39B}
		{E078A3C2-2D47-4D2C-AFC8-1C40EA71AD18} = {827E0CD3-B72D-47B6-A68D-7590B98EB39B}
		{0C1F7840-7800-41D8-9452-03609AE8963F} = {0AB3BF05-4346-4AA6-1389-037BE0695223}
		{0BF26FCF-574F-4928-9B42-1F0E4CD7D52B} = {0AB3BF05-4346-4AA6-1389-037BE0695223}
	EndGlobalSection
EndGlobal
